// !$*UTF8*$!
{
	archiveVersion = 1;
	classes = {
	};
	objectVersion = 46;
	objects = {

/* Begin PBXBuildFile section */
		0FD4F8FA0027F32EAF05D812 /* Images.xcassets in Resources */ = {isa = PBXBuildFile; fileRef = 722BF291C1D514B468EB2BDB /* Images.xcassets */; };
		38EFA41B4DEA69E9DE1E7110 /* Models.swift in Sources */ = {isa = PBXBuildFile; fileRef = 38EFA9E15F21586A1548532E /* Models.swift */; };
		38EFAF2783FFB1A3B274CC7C /* SerializationSpec.swift in Sources */ = {isa = PBXBuildFile; fileRef = 38EFAF1498409720D6C5ADD9 /* SerializationSpec.swift */; };
		7381E120F484E00C4CD4894F /* Main.storyboard in Resources */ = {isa = PBXBuildFile; fileRef = 8468DFEBBE5EF59597574568 /* Main.storyboard */; };
		7E24EBF78C1829F9D7B7B2CA /* Pods_UnitTests.framework in Frameworks */ = {isa = PBXBuildFile; fileRef = 028E29CD3B4FCE410803443A /* Pods_UnitTests.framework */; };
		8DA2CE0C1DEF45D400C6DB1C /* SurveyListTableViewController.swift in Sources */ = {isa = PBXBuildFile; fileRef = 8DA2CE0B1DEF45D400C6DB1C /* SurveyListTableViewController.swift */; };
		8DA2CE111DEF4AFB00C6DB1C /* AddSurveyTableViewController.swift in Sources */ = {isa = PBXBuildFile; fileRef = 8DA2CE101DEF4AFB00C6DB1C /* AddSurveyTableViewController.swift */; };
		8DC07F3F1DF35D090062BBAA /* AppDataManagerSpec.swift in Sources */ = {isa = PBXBuildFile; fileRef = 8DC07F3E1DF35D090062BBAA /* AppDataManagerSpec.swift */; };
		8DC07F411DF35FC20062BBAA /* CouchDB.swift in Sources */ = {isa = PBXBuildFile; fileRef = 8DC07F401DF35FC20062BBAA /* CouchDB.swift */; };
		8DE8B6691DF1E14800A2DD74 /* EntryPointViewController.swift in Sources */ = {isa = PBXBuildFile; fileRef = 8DE8B6681DF1E14800A2DD74 /* EntryPointViewController.swift */; };
		8DE8B66C1DF1E74100A2DD74 /* WelcomePageViewController.swift in Sources */ = {isa = PBXBuildFile; fileRef = 8DE8B66B1DF1E74100A2DD74 /* WelcomePageViewController.swift */; };
		8DE8B66E1DF1EB5D00A2DD74 /* WelcomeContainerViewController.swift in Sources */ = {isa = PBXBuildFile; fileRef = 8DE8B66D1DF1EB5D00A2DD74 /* WelcomeContainerViewController.swift */; };
		8DE8B6701DF22D5800A2DD74 /* AppInformation.swift in Sources */ = {isa = PBXBuildFile; fileRef = 8DE8B66F1DF22D5800A2DD74 /* AppInformation.swift */; };
		8DE8B6721DF27C9D00A2DD74 /* FormattedTextBlockViewController.swift in Sources */ = {isa = PBXBuildFile; fileRef = 8DE8B6711DF27C9D00A2DD74 /* FormattedTextBlockViewController.swift */; };
		B440A63C0ED0FDBB19657B28 /* Foundation.framework in Frameworks */ = {isa = PBXBuildFile; fileRef = 40308C65FF6EA2AA0A908B18 /* Foundation.framework */; };
		B8B038F368B11D0420035036 /* Pods_CmsDemo.framework in Frameworks */ = {isa = PBXBuildFile; fileRef = FA2BB4EB455092A8E89CCEF4 /* Pods_CmsDemo.framework */; };
		D36B2BF469A0BFC2890BFF8E /* Settings.bundle in Resources */ = {isa = PBXBuildFile; fileRef = 4F7D940F21F263B15C96FF96 /* Settings.bundle */; };
		D38B8A5CAFCA25B705190A51 /* AppDelegate.swift in Sources */ = {isa = PBXBuildFile; fileRef = D6BE1F9CD3F599BED2C78F0F /* AppDelegate.swift */; };
		D6497AA3331F165BC5DCD6CF /* LaunchScreen.xib in Resources */ = {isa = PBXBuildFile; fileRef = 3289B152FE3E1F6209B0A93C /* LaunchScreen.xib */; };
/* End PBXBuildFile section */

/* Begin PBXContainerItemProxy section */
		5B1D495B3475873E90C933FF /* PBXContainerItemProxy */ = {
			isa = PBXContainerItemProxy;
			containerPortal = 488E6DB92C54051C94B9A46B /* Project object */;
			proxyType = 1;
			remoteGlobalIDString = 7E129BEC03F8D6DAED7EE6D3;
			remoteInfo = CmsDemo;
		};
/* End PBXContainerItemProxy section */

/* Begin PBXFileReference section */
		028E29CD3B4FCE410803443A /* Pods_UnitTests.framework */ = {isa = PBXFileReference; explicitFileType = wrapper.framework; includeInIndex = 0; path = Pods_UnitTests.framework; sourceTree = BUILT_PRODUCTS_DIR; };
		02CC0CFBE52B6D2B038F9B35 /* Pods-UnitTests.release.xcconfig */ = {isa = PBXFileReference; includeInIndex = 1; lastKnownFileType = text.xcconfig; name = "Pods-UnitTests.release.xcconfig"; path = "Pods/Target Support Files/Pods-UnitTests/Pods-UnitTests.release.xcconfig"; sourceTree = "<group>"; };
		3289B152FE3E1F6209B0A93C /* LaunchScreen.xib */ = {isa = PBXFileReference; includeInIndex = 1; lastKnownFileType = file.xib; path = LaunchScreen.xib; sourceTree = "<group>"; };
		38EFA9E15F21586A1548532E /* Models.swift */ = {isa = PBXFileReference; fileEncoding = 4; lastKnownFileType = sourcecode.swift; path = Models.swift; sourceTree = "<group>"; };
		38EFAF1498409720D6C5ADD9 /* SerializationSpec.swift */ = {isa = PBXFileReference; fileEncoding = 4; lastKnownFileType = sourcecode.swift; path = SerializationSpec.swift; sourceTree = "<group>"; };
		40308C65FF6EA2AA0A908B18 /* Foundation.framework */ = {isa = PBXFileReference; lastKnownFileType = wrapper.framework; name = Foundation.framework; path = Platforms/iPhoneOS.platform/Developer/SDKs/iPhoneOS9.3.sdk/System/Library/Frameworks/Foundation.framework; sourceTree = DEVELOPER_DIR; };
		4069BA83102093BDBE510760 /* UnitTests.xctest */ = {isa = PBXFileReference; explicitFileType = wrapper.cfbundle; includeInIndex = 0; path = UnitTests.xctest; sourceTree = BUILT_PRODUCTS_DIR; };
		4F7D940F21F263B15C96FF96 /* Settings.bundle */ = {isa = PBXFileReference; includeInIndex = 1; lastKnownFileType = "wrapper.plug-in"; path = Settings.bundle; sourceTree = "<group>"; };
		722BF291C1D514B468EB2BDB /* Images.xcassets */ = {isa = PBXFileReference; includeInIndex = 1; lastKnownFileType = folder.assetcatalog; path = Images.xcassets; sourceTree = "<group>"; };
		8468DFEBBE5EF59597574568 /* Main.storyboard */ = {isa = PBXFileReference; includeInIndex = 1; lastKnownFileType = file.storyboard; path = Main.storyboard; sourceTree = "<group>"; };
		8AE9DD89FB52DC23E606F3CF /* Pods-CmsDemo.debug.xcconfig */ = {isa = PBXFileReference; includeInIndex = 1; lastKnownFileType = text.xcconfig; name = "Pods-CmsDemo.debug.xcconfig"; path = "Pods/Target Support Files/Pods-CmsDemo/Pods-CmsDemo.debug.xcconfig"; sourceTree = "<group>"; };
		8DA2CE0B1DEF45D400C6DB1C /* SurveyListTableViewController.swift */ = {isa = PBXFileReference; fileEncoding = 4; lastKnownFileType = sourcecode.swift; path = SurveyListTableViewController.swift; sourceTree = "<group>"; };
		8DA2CE0D1DEF488200C6DB1C /* CmsDemo-Bridging-Header.h */ = {isa = PBXFileReference; lastKnownFileType = sourcecode.c.h; path = "CmsDemo-Bridging-Header.h"; sourceTree = "<group>"; };
		8DA2CE101DEF4AFB00C6DB1C /* AddSurveyTableViewController.swift */ = {isa = PBXFileReference; fileEncoding = 4; lastKnownFileType = sourcecode.swift; path = AddSurveyTableViewController.swift; sourceTree = "<group>"; };
		8DC07F3D1DF35D090062BBAA /* UnitTests-Bridging-Header.h */ = {isa = PBXFileReference; lastKnownFileType = sourcecode.c.h; path = "UnitTests-Bridging-Header.h"; sourceTree = "<group>"; };
		8DC07F3E1DF35D090062BBAA /* AppDataManagerSpec.swift */ = {isa = PBXFileReference; fileEncoding = 4; lastKnownFileType = sourcecode.swift; path = AppDataManagerSpec.swift; sourceTree = "<group>"; };
		8DC07F401DF35FC20062BBAA /* CouchDB.swift */ = {isa = PBXFileReference; fileEncoding = 4; lastKnownFileType = sourcecode.swift; path = CouchDB.swift; sourceTree = "<group>"; };
		8DE8B6681DF1E14800A2DD74 /* EntryPointViewController.swift */ = {isa = PBXFileReference; fileEncoding = 4; lastKnownFileType = sourcecode.swift; path = EntryPointViewController.swift; sourceTree = "<group>"; };
		8DE8B66B1DF1E74100A2DD74 /* WelcomePageViewController.swift */ = {isa = PBXFileReference; fileEncoding = 4; lastKnownFileType = sourcecode.swift; path = WelcomePageViewController.swift; sourceTree = "<group>"; };
		8DE8B66D1DF1EB5D00A2DD74 /* WelcomeContainerViewController.swift */ = {isa = PBXFileReference; fileEncoding = 4; lastKnownFileType = sourcecode.swift; path = WelcomeContainerViewController.swift; sourceTree = "<group>"; };
		8DE8B66F1DF22D5800A2DD74 /* AppInformation.swift */ = {isa = PBXFileReference; fileEncoding = 4; lastKnownFileType = sourcecode.swift; path = AppInformation.swift; sourceTree = "<group>"; };
		8DE8B6711DF27C9D00A2DD74 /* FormattedTextBlockViewController.swift */ = {isa = PBXFileReference; fileEncoding = 4; lastKnownFileType = sourcecode.swift; path = FormattedTextBlockViewController.swift; sourceTree = "<group>"; };
		A1A1883964577AFFBEAAB9FC /* Pods-CmsDemo.release.xcconfig */ = {isa = PBXFileReference; includeInIndex = 1; lastKnownFileType = text.xcconfig; name = "Pods-CmsDemo.release.xcconfig"; path = "Pods/Target Support Files/Pods-CmsDemo/Pods-CmsDemo.release.xcconfig"; sourceTree = "<group>"; };
		BA8A4CC0E27BD31BF30CC9B5 /* CmsDemo.app */ = {isa = PBXFileReference; explicitFileType = wrapper.application; includeInIndex = 0; path = CmsDemo.app; sourceTree = BUILT_PRODUCTS_DIR; };
		D6BE1F9CD3F599BED2C78F0F /* AppDelegate.swift */ = {isa = PBXFileReference; includeInIndex = 1; lastKnownFileType = sourcecode.swift; path = AppDelegate.swift; sourceTree = "<group>"; };
		D957E6A842ADE0F911D7DE08 /* Pods-UnitTests.debug.xcconfig */ = {isa = PBXFileReference; includeInIndex = 1; lastKnownFileType = text.xcconfig; name = "Pods-UnitTests.debug.xcconfig"; path = "Pods/Target Support Files/Pods-UnitTests/Pods-UnitTests.debug.xcconfig"; sourceTree = "<group>"; };
		E636DC90BDC8B6FCF02A15BF /* Info.plist */ = {isa = PBXFileReference; includeInIndex = 1; lastKnownFileType = text.plist.xml; path = Info.plist; sourceTree = "<group>"; };
		FA2BB4EB455092A8E89CCEF4 /* Pods_CmsDemo.framework */ = {isa = PBXFileReference; explicitFileType = wrapper.framework; includeInIndex = 0; path = Pods_CmsDemo.framework; sourceTree = BUILT_PRODUCTS_DIR; };
		FE93AA779FE08FF9F5F13626 /* UnitTests-Info.plist */ = {isa = PBXFileReference; includeInIndex = 1; lastKnownFileType = text.plist.xml; path = "UnitTests-Info.plist"; sourceTree = "<group>"; };
/* End PBXFileReference section */

/* Begin PBXFrameworksBuildPhase section */
		76065047A9D1CB05CA7F300E /* Frameworks */ = {
			isa = PBXFrameworksBuildPhase;
			buildActionMask = 2147483647;
			files = (
				B440A63C0ED0FDBB19657B28 /* Foundation.framework in Frameworks */,
				B8B038F368B11D0420035036 /* Pods_CmsDemo.framework in Frameworks */,
			);
			runOnlyForDeploymentPostprocessing = 0;
		};
		79EA239DACDBDB7E26622CCE /* Frameworks */ = {
			isa = PBXFrameworksBuildPhase;
			buildActionMask = 2147483647;
			files = (
				7E24EBF78C1829F9D7B7B2CA /* Pods_UnitTests.framework in Frameworks */,
			);
			runOnlyForDeploymentPostprocessing = 0;
		};
/* End PBXFrameworksBuildPhase section */

/* Begin PBXGroup section */
		1B48B7B0E762393B09FCDD6D /* Protocols */ = {
			isa = PBXGroup;
			children = (
				8DC07F401DF35FC20062BBAA /* CouchDB.swift */,
			);
			path = Protocols;
			sourceTree = "<group>";
		};
		38EFA72ACE8469C0C5395D1D /* Fx */ = {
			isa = PBXGroup;
			children = (
				38EFAD59D650043F73A25F23 /* ResearchKit */,
			);
			path = Fx;
			sourceTree = "<group>";
		};
		38EFA9DDF4211AAD82F98057 /* Fx */ = {
			isa = PBXGroup;
			children = (
				38EFAF1498409720D6C5ADD9 /* SerializationSpec.swift */,
			);
			path = Fx;
			sourceTree = "<group>";
		};
		38EFAD59D650043F73A25F23 /* ResearchKit */ = {
			isa = PBXGroup;
			children = (
				38EFA9E15F21586A1548532E /* Models.swift */,
			);
			path = ResearchKit;
			sourceTree = "<group>";
		};
		56B78E3C69E64BC0BDBADB39 /* Models */ = {
			isa = PBXGroup;
			children = (
				8DE8B66F1DF22D5800A2DD74 /* AppInformation.swift */,
			);
			path = Models;
			sourceTree = "<group>";
		};
		586B14A11427D17DC3114FF2 /* Storyboards */ = {
			isa = PBXGroup;
			children = (
				8468DFEBBE5EF59597574568 /* Main.storyboard */,
			);
			path = Storyboards;
			sourceTree = "<group>";
		};
		5BF1E14E2DFBB0F6BC739718 /* Pods */ = {
			isa = PBXGroup;
			children = (
				A1A1883964577AFFBEAAB9FC /* Pods-CmsDemo.release.xcconfig */,
				8AE9DD89FB52DC23E606F3CF /* Pods-CmsDemo.debug.xcconfig */,
				02CC0CFBE52B6D2B038F9B35 /* Pods-UnitTests.release.xcconfig */,
				D957E6A842ADE0F911D7DE08 /* Pods-UnitTests.debug.xcconfig */,
			);
			name = Pods;
			sourceTree = "<group>";
		};
		6339D00422FF7BA510A27C43 /* Frameworks */ = {
			isa = PBXGroup;
			children = (
				6B2EC678692AE7A2A4AED30E /* iOS */,
				FA2BB4EB455092A8E89CCEF4 /* Pods_CmsDemo.framework */,
				028E29CD3B4FCE410803443A /* Pods_UnitTests.framework */,
			);
			name = Frameworks;
			sourceTree = "<group>";
		};
		64F0938A32338ECADBB42D25 /* Resources */ = {
			isa = PBXGroup;
			children = (
				FE93AA779FE08FF9F5F13626 /* UnitTests-Info.plist */,
			);
			path = Resources;
			sourceTree = "<group>";
		};
		6888CAD72E62BD994B383B5B /* Products */ = {
			isa = PBXGroup;
			children = (
				BA8A4CC0E27BD31BF30CC9B5 /* CmsDemo.app */,
				4069BA83102093BDBE510760 /* UnitTests.xctest */,
			);
			name = Products;
			sourceTree = "<group>";
		};
		6A0D51651F2F117F8EF2FBE2 /* Tests */ = {
			isa = PBXGroup;
			children = (
				8DC07F3E1DF35D090062BBAA /* AppDataManagerSpec.swift */,
				8DC07F3D1DF35D090062BBAA /* UnitTests-Bridging-Header.h */,
				38EFA9DDF4211AAD82F98057 /* Fx */,
			);
			path = Tests;
			sourceTree = "<group>";
		};
		6B2EC678692AE7A2A4AED30E /* iOS */ = {
			isa = PBXGroup;
			children = (
				40308C65FF6EA2AA0A908B18 /* Foundation.framework */,
			);
			name = iOS;
			sourceTree = "<group>";
		};
		896FD2580FD1F1F5BF4CBEC8 /* CmsDemo */ = {
			isa = PBXGroup;
			children = (
				F5C2B803CFE3099E6663A394 /* Extensions */,
				1B48B7B0E762393B09FCDD6D /* Protocols */,
				56B78E3C69E64BC0BDBADB39 /* Models */,
				DF3BC1AF83EC6DD60D24A4F6 /* ViewModels */,
				C2AB40872773EA8EC4D1425F /* Controllers */,
				EC65EF186F8F8D0C596ADB8F /* Views */,
				C6541E001AEE2D03AA037EE8 /* Resources */,
				8DA2CE0D1DEF488200C6DB1C /* CmsDemo-Bridging-Header.h */,
				38EFA72ACE8469C0C5395D1D /* Fx */,
			);
			path = CmsDemo;
			sourceTree = "<group>";
		};
		8B9A741ED41A41C81D9468DB /* Nibs */ = {
			isa = PBXGroup;
			children = (
				3289B152FE3E1F6209B0A93C /* LaunchScreen.xib */,
			);
			path = Nibs;
			sourceTree = "<group>";
		};
		8D59413E5B29D93149F45A13 = {
			isa = PBXGroup;
			children = (
				896FD2580FD1F1F5BF4CBEC8 /* CmsDemo */,
				940F321D1181B64152CC813D /* UnitTests */,
				6339D00422FF7BA510A27C43 /* Frameworks */,
				6888CAD72E62BD994B383B5B /* Products */,
				5BF1E14E2DFBB0F6BC739718 /* Pods */,
			);
			indentWidth = 4;
			sourceTree = "<group>";
			tabWidth = 4;
			usesTabs = 0;
		};
		8D931AA21DF2808B0010458D /* Generic */ = {
			isa = PBXGroup;
			children = (
				8DE8B6711DF27C9D00A2DD74 /* FormattedTextBlockViewController.swift */,
			);
			name = Generic;
			sourceTree = "<group>";
		};
		8DE8B66A1DF1E6F300A2DD74 /* Onboarding */ = {
			isa = PBXGroup;
			children = (
				8DE8B66B1DF1E74100A2DD74 /* WelcomePageViewController.swift */,
				8DE8B66D1DF1EB5D00A2DD74 /* WelcomeContainerViewController.swift */,
			);
			name = Onboarding;
			sourceTree = "<group>";
		};
		940F321D1181B64152CC813D /* UnitTests */ = {
			isa = PBXGroup;
			children = (
				64F0938A32338ECADBB42D25 /* Resources */,
				9531310F87B4508585D10901 /* Helpers */,
				6A0D51651F2F117F8EF2FBE2 /* Tests */,
			);
			path = UnitTests;
			sourceTree = "<group>";
		};
		9531310F87B4508585D10901 /* Helpers */ = {
			isa = PBXGroup;
			children = (
			);
			path = Helpers;
			sourceTree = "<group>";
		};
		C2AB40872773EA8EC4D1425F /* Controllers */ = {
			isa = PBXGroup;
			children = (
				8D931AA21DF2808B0010458D /* Generic */,
				8DE8B66A1DF1E6F300A2DD74 /* Onboarding */,
				D6BE1F9CD3F599BED2C78F0F /* AppDelegate.swift */,
				8DA2CE0B1DEF45D400C6DB1C /* SurveyListTableViewController.swift */,
				8DA2CE101DEF4AFB00C6DB1C /* AddSurveyTableViewController.swift */,
				8DE8B6681DF1E14800A2DD74 /* EntryPointViewController.swift */,
			);
			path = Controllers;
			sourceTree = "<group>";
		};
		C6541E001AEE2D03AA037EE8 /* Resources */ = {
			isa = PBXGroup;
			children = (
				722BF291C1D514B468EB2BDB /* Images.xcassets */,
				586B14A11427D17DC3114FF2 /* Storyboards */,
				8B9A741ED41A41C81D9468DB /* Nibs */,
				F714936B1A8D6C76AC4EAD26 /* Other-Sources */,
				4F7D940F21F263B15C96FF96 /* Settings.bundle */,
			);
			path = Resources;
			sourceTree = "<group>";
		};
		DF3BC1AF83EC6DD60D24A4F6 /* ViewModels */ = {
			isa = PBXGroup;
			children = (
			);
			path = ViewModels;
			sourceTree = "<group>";
		};
		EC65EF186F8F8D0C596ADB8F /* Views */ = {
			isa = PBXGroup;
			children = (
			);
			path = Views;
			sourceTree = "<group>";
		};
		F5C2B803CFE3099E6663A394 /* Extensions */ = {
			isa = PBXGroup;
			children = (
			);
			path = Extensions;
			sourceTree = "<group>";
		};
		F714936B1A8D6C76AC4EAD26 /* Other-Sources */ = {
			isa = PBXGroup;
			children = (
				E636DC90BDC8B6FCF02A15BF /* Info.plist */,
			);
			path = "Other-Sources";
			sourceTree = "<group>";
		};
/* End PBXGroup section */

/* Begin PBXNativeTarget section */
		7E129BEC03F8D6DAED7EE6D3 /* CmsDemo */ = {
			isa = PBXNativeTarget;
			buildConfigurationList = A0E87C1001AA5A6E5EF80D83 /* Build configuration list for PBXNativeTarget "CmsDemo" */;
			buildPhases = (
				EABFFB25E8EEFF31B015FD93 /* [CP] Check Pods Manifest.lock */,
				29FD07E3A3665AB969ED77C4 /* Sources */,
				76065047A9D1CB05CA7F300E /* Frameworks */,
				8F5EC009B73A4DE47E5FCA53 /* Resources */,
				575A571154535EE746675692 /* Warn for TODO and FIXME comments */,
				564E4D0DB3F27A8CCCCD70B8 /* Set version number */,
				4ABB76DD0144F719B86740A3 /* [CP] Embed Pods Frameworks */,
				64B5905E498B9C8817819C00 /* [CP] Copy Pods Resources */,
			);
			buildRules = (
			);
			dependencies = (
			);
			name = CmsDemo;
			productName = CmsDemo;
			productReference = BA8A4CC0E27BD31BF30CC9B5 /* CmsDemo.app */;
			productType = "com.apple.product-type.application";
		};
		D84D0139E1C2296FCB4DE30E /* UnitTests */ = {
			isa = PBXNativeTarget;
			buildConfigurationList = BE5C5FA2E715D899EB3B3720 /* Build configuration list for PBXNativeTarget "UnitTests" */;
			buildPhases = (
				F3F318FDDB62406C240D71E0 /* [CP] Check Pods Manifest.lock */,
				8E3B6EB0D765789B43C06C8E /* Sources */,
				79EA239DACDBDB7E26622CCE /* Frameworks */,
				DAF448D4E785C77905E9C3F7 /* Resources */,
				DFC0427FCA89CB9E35B92CFF /* [CP] Embed Pods Frameworks */,
				FBB16A602500B712068FE0FE /* [CP] Copy Pods Resources */,
			);
			buildRules = (
			);
			dependencies = (
				B82A304A8E261D57C2911361 /* PBXTargetDependency */,
			);
			name = UnitTests;
			productName = UnitTests;
			productReference = 4069BA83102093BDBE510760 /* UnitTests.xctest */;
			productType = "com.apple.product-type.bundle.unit-test";
		};
/* End PBXNativeTarget section */

/* Begin PBXProject section */
		488E6DB92C54051C94B9A46B /* Project object */ = {
			isa = PBXProject;
			attributes = {
				CLASSPREFIX = "";
				LastSwiftUpdateCheck = 0730;
				LastUpgradeCheck = 0810;
				ORGANIZATIONNAME = chrisortman;
				TargetAttributes = {
					7E129BEC03F8D6DAED7EE6D3 = {
						DevelopmentTeam = 3P5W46HP4G;
						LastSwiftMigration = 0810;
					};
					D84D0139E1C2296FCB4DE30E = {
						LastSwiftMigration = 0810;
					};
				};
			};
			buildConfigurationList = C0C52F9466F029B90CD2A3EC /* Build configuration list for PBXProject "CmsDemo" */;
			compatibilityVersion = "Xcode 3.2";
			developmentRegion = English;
			hasScannedForEncodings = 0;
			knownRegions = (
				en,
			);
			mainGroup = 8D59413E5B29D93149F45A13;
			productRefGroup = 6888CAD72E62BD994B383B5B /* Products */;
			projectDirPath = "";
			projectRoot = "";
			targets = (
				7E129BEC03F8D6DAED7EE6D3 /* CmsDemo */,
				D84D0139E1C2296FCB4DE30E /* UnitTests */,
			);
		};
/* End PBXProject section */

/* Begin PBXResourcesBuildPhase section */
		8F5EC009B73A4DE47E5FCA53 /* Resources */ = {
			isa = PBXResourcesBuildPhase;
			buildActionMask = 2147483647;
			files = (
				0FD4F8FA0027F32EAF05D812 /* Images.xcassets in Resources */,
				7381E120F484E00C4CD4894F /* Main.storyboard in Resources */,
				D6497AA3331F165BC5DCD6CF /* LaunchScreen.xib in Resources */,
				D36B2BF469A0BFC2890BFF8E /* Settings.bundle in Resources */,
			);
			runOnlyForDeploymentPostprocessing = 0;
		};
		DAF448D4E785C77905E9C3F7 /* Resources */ = {
			isa = PBXResourcesBuildPhase;
			buildActionMask = 2147483647;
			files = (
			);
			runOnlyForDeploymentPostprocessing = 0;
		};
/* End PBXResourcesBuildPhase section */

/* Begin PBXShellScriptBuildPhase section */
		4ABB76DD0144F719B86740A3 /* [CP] Embed Pods Frameworks */ = {
			isa = PBXShellScriptBuildPhase;
			buildActionMask = 2147483647;
			files = (
			);
			inputPaths = (
			);
			name = "[CP] Embed Pods Frameworks";
			outputPaths = (
			);
			runOnlyForDeploymentPostprocessing = 0;
			shellPath = /bin/sh;
			shellScript = "\"${SRCROOT}/Pods/Target Support Files/Pods-CmsDemo/Pods-CmsDemo-frameworks.sh\"\n";
			showEnvVarsInLog = 0;
		};
		564E4D0DB3F27A8CCCCD70B8 /* Set version number */ = {
			isa = PBXShellScriptBuildPhase;
			buildActionMask = 2147483647;
			files = (
			);
			inputPaths = (
			);
			name = "Set version number";
			outputPaths = (
			);
			runOnlyForDeploymentPostprocessing = 0;
			shellPath = /bin/sh;
			shellScript = "git=$(sh /etc/profile; which git)\ngit_release_version=$(\"$git\" describe --tags --always --abbrev=0)\nnumber_of_commits=$(\"$git\" rev-list master --count)\ntarget_plist=\"$TARGET_BUILD_DIR/$INFOPLIST_PATH\"\ndsym_plist=\"$DWARF_DSYM_FOLDER_PATH/$DWARF_DSYM_FILE_NAME/Contents/Info.plist\"\n\nfor plist in \"$target_plist\" \"$dsym_plist\"; do\n  if [ -f \"$plist\" ]; then\n    /usr/libexec/PlistBuddy -c \"Set :CFBundleVersion $number_of_commits\" \"$plist\"\n    /usr/libexec/PlistBuddy -c \"Set :CFBundleShortVersionString ${git_release_version#*v}\" \"$plist\"\n  fi\ndone\n";
		};
		575A571154535EE746675692 /* Warn for TODO and FIXME comments */ = {
			isa = PBXShellScriptBuildPhase;
			buildActionMask = 2147483647;
			files = (
			);
			inputPaths = (
			);
			name = "Warn for TODO and FIXME comments";
			outputPaths = (
			);
			runOnlyForDeploymentPostprocessing = 0;
			shellPath = /bin/sh;
			shellScript = "KEYWORDS=\"TODO:|FIXME:|\\?\\?\\?:|\\!\\!\\!:\"\nFILE_EXTENSIONS=\"swift|h|m|mm|c|cpp\"\nfind -E \"${SRCROOT}\" -ipath \"${SRCROOT}/Carthage\" -prune -o -ipath \"${SRCROOT}/pods\" -prune -o \\( -regex \".*\\.($FILE_EXTENSIONS)$\" \\) -print0 | xargs -0 egrep --with-filename --line-number --only-matching \"($KEYWORDS).*\\$\" | perl -p -e \"s/($KEYWORDS)/ warning: \\$1/\"\n";
		};
		64B5905E498B9C8817819C00 /* [CP] Copy Pods Resources */ = {
			isa = PBXShellScriptBuildPhase;
			buildActionMask = 2147483647;
			files = (
			);
			inputPaths = (
			);
			name = "[CP] Copy Pods Resources";
			outputPaths = (
			);
			runOnlyForDeploymentPostprocessing = 0;
			shellPath = /bin/sh;
			shellScript = "\"${SRCROOT}/Pods/Target Support Files/Pods-CmsDemo/Pods-CmsDemo-resources.sh\"\n";
			showEnvVarsInLog = 0;
		};
		DFC0427FCA89CB9E35B92CFF /* [CP] Embed Pods Frameworks */ = {
			isa = PBXShellScriptBuildPhase;
			buildActionMask = 2147483647;
			files = (
			);
			inputPaths = (
			);
			name = "[CP] Embed Pods Frameworks";
			outputPaths = (
			);
			runOnlyForDeploymentPostprocessing = 0;
			shellPath = /bin/sh;
			shellScript = "\"${SRCROOT}/Pods/Target Support Files/Pods-UnitTests/Pods-UnitTests-frameworks.sh\"\n";
			showEnvVarsInLog = 0;
		};
		EABFFB25E8EEFF31B015FD93 /* [CP] Check Pods Manifest.lock */ = {
			isa = PBXShellScriptBuildPhase;
			buildActionMask = 2147483647;
			files = (
			);
			inputPaths = (
			);
			name = "[CP] Check Pods Manifest.lock";
			outputPaths = (
			);
			runOnlyForDeploymentPostprocessing = 0;
			shellPath = /bin/sh;
			shellScript = "diff \"${PODS_ROOT}/../Podfile.lock\" \"${PODS_ROOT}/Manifest.lock\" > /dev/null\nif [ $? != 0 ] ; then\n    # print error to STDERR\n    echo \"error: The sandbox is not in sync with the Podfile.lock. Run 'pod install' or update your CocoaPods installation.\" >&2\n    exit 1\nfi\n";
			showEnvVarsInLog = 0;
		};
		F3F318FDDB62406C240D71E0 /* [CP] Check Pods Manifest.lock */ = {
			isa = PBXShellScriptBuildPhase;
			buildActionMask = 2147483647;
			files = (
			);
			inputPaths = (
			);
			name = "[CP] Check Pods Manifest.lock";
			outputPaths = (
			);
			runOnlyForDeploymentPostprocessing = 0;
			shellPath = /bin/sh;
			shellScript = "diff \"${PODS_ROOT}/../Podfile.lock\" \"${PODS_ROOT}/Manifest.lock\" > /dev/null\nif [ $? != 0 ] ; then\n    # print error to STDERR\n    echo \"error: The sandbox is not in sync with the Podfile.lock. Run 'pod install' or update your CocoaPods installation.\" >&2\n    exit 1\nfi\n";
			showEnvVarsInLog = 0;
		};
		FBB16A602500B712068FE0FE /* [CP] Copy Pods Resources */ = {
			isa = PBXShellScriptBuildPhase;
			buildActionMask = 2147483647;
			files = (
			);
			inputPaths = (
			);
			name = "[CP] Copy Pods Resources";
			outputPaths = (
			);
			runOnlyForDeploymentPostprocessing = 0;
			shellPath = /bin/sh;
			shellScript = "\"${SRCROOT}/Pods/Target Support Files/Pods-UnitTests/Pods-UnitTests-resources.sh\"\n";
			showEnvVarsInLog = 0;
		};
/* End PBXShellScriptBuildPhase section */

/* Begin PBXSourcesBuildPhase section */
		29FD07E3A3665AB969ED77C4 /* Sources */ = {
			isa = PBXSourcesBuildPhase;
			buildActionMask = 2147483647;
			files = (
				8DE8B6701DF22D5800A2DD74 /* AppInformation.swift in Sources */,
				8DE8B6691DF1E14800A2DD74 /* EntryPointViewController.swift in Sources */,
				D38B8A5CAFCA25B705190A51 /* AppDelegate.swift in Sources */,
				8DA2CE0C1DEF45D400C6DB1C /* SurveyListTableViewController.swift in Sources */,
				8DA2CE111DEF4AFB00C6DB1C /* AddSurveyTableViewController.swift in Sources */,
				8DC07F411DF35FC20062BBAA /* CouchDB.swift in Sources */,
				8DE8B66C1DF1E74100A2DD74 /* WelcomePageViewController.swift in Sources */,
				8DE8B6721DF27C9D00A2DD74 /* FormattedTextBlockViewController.swift in Sources */,
				8DE8B66E1DF1EB5D00A2DD74 /* WelcomeContainerViewController.swift in Sources */,
				38EFA41B4DEA69E9DE1E7110 /* Models.swift in Sources */,
			);
			runOnlyForDeploymentPostprocessing = 0;
		};
		8E3B6EB0D765789B43C06C8E /* Sources */ = {
			isa = PBXSourcesBuildPhase;
			buildActionMask = 2147483647;
			files = (
				8DC07F3F1DF35D090062BBAA /* AppDataManagerSpec.swift in Sources */,
				38EFAF2783FFB1A3B274CC7C /* SerializationSpec.swift in Sources */,
			);
			runOnlyForDeploymentPostprocessing = 0;
		};
/* End PBXSourcesBuildPhase section */

/* Begin PBXTargetDependency section */
		B82A304A8E261D57C2911361 /* PBXTargetDependency */ = {
			isa = PBXTargetDependency;
			name = CmsDemo;
			target = 7E129BEC03F8D6DAED7EE6D3 /* CmsDemo */;
			targetProxy = 5B1D495B3475873E90C933FF /* PBXContainerItemProxy */;
		};
/* End PBXTargetDependency section */

/* Begin XCBuildConfiguration section */
		5D101FF607524F3A9E646D64 /* Release */ = {
			isa = XCBuildConfiguration;
			baseConfigurationReference = A1A1883964577AFFBEAAB9FC /* Pods-CmsDemo.release.xcconfig */;
			buildSettings = {
				ALWAYS_EMBED_SWIFT_STANDARD_LIBRARIES = YES;
				ASSETCATALOG_COMPILER_APPICON_NAME = AppIcon;
				CLANG_ENABLE_MODULES = YES;
				"CODE_SIGN_IDENTITY[sdk=iphoneos*]" = "iPhone Developer";
				DEBUG_INFORMATION_FORMAT = "dwarf-with-dsym";
				DEVELOPMENT_TEAM = 3P5W46HP4G;
				ENABLE_STRICT_OBJC_MSGSEND = YES;
				GCC_NO_COMMON_BLOCKS = YES;
				GCC_TREAT_WARNINGS_AS_ERRORS = YES;
				INFOPLIST_FILE = "CmsDemo/Resources/Other-Sources/Info.plist";
				IPHONEOS_DEPLOYMENT_TARGET = 9.3;
				LD_RUNPATH_SEARCH_PATHS = "$(inherited) @executable_path/Frameworks";
				MTL_ENABLE_DEBUG_INFO = NO;
				PRODUCT_BUNDLE_IDENTIFIER = "com.chrisortman.${PRODUCT_NAME:rfc1034identifier}";
				PRODUCT_NAME = "$(TARGET_NAME)";
				SDKROOT = iphoneos;
				SWIFT_OBJC_BRIDGING_HEADER = "CmsDemo/CmsDemo-Bridging-Header.h";
				SWIFT_VERSION = 3.0;
				TARGETED_DEVICE_FAMILY = "1,2";
			};
			name = Release;
		};
		817EAF667CFFCC865B110931 /* Debug */ = {
			isa = XCBuildConfiguration;
			buildSettings = {
				ALWAYS_SEARCH_USER_PATHS = NO;
				ASSETCATALOG_COMPILER_APPICON_NAME = AppIcon;
				CLANG_ANALYZER_NONNULL = YES;
				CLANG_CXX_LANGUAGE_STANDARD = "gnu++0x";
				CLANG_CXX_LIBRARY = "libc++";
				CLANG_ENABLE_MODULES = YES;
				CLANG_ENABLE_OBJC_ARC = YES;
				CLANG_WARN_BOOL_CONVERSION = YES;
				CLANG_WARN_CONSTANT_CONVERSION = YES;
				CLANG_WARN_DEPRECATED_OBJC_IMPLEMENTATIONS = YES;
				CLANG_WARN_DIRECT_OBJC_ISA_USAGE = YES;
				CLANG_WARN_EMPTY_BODY = YES;
				CLANG_WARN_ENUM_CONVERSION = YES;
				CLANG_WARN_IMPLICIT_SIGN_CONVERSION = YES;
				CLANG_WARN_INFINITE_RECURSION = YES;
				CLANG_WARN_INT_CONVERSION = YES;
				CLANG_WARN_OBJC_IMPLICIT_RETAIN_SELF = YES;
				CLANG_WARN_OBJC_ROOT_CLASS = YES;
				CLANG_WARN_SUSPICIOUS_IMPLICIT_CONVERSION = YES;
				CLANG_WARN_SUSPICIOUS_MOVE = YES;
				CLANG_WARN_UNREACHABLE_CODE = YES;
				CLANG_WARN__DUPLICATE_METHOD_MATCH = YES;
				"CODE_SIGN_IDENTITY[sdk=iphoneos*]" = "iPhone Developer";
				COPY_PHASE_STRIP = NO;
				ENABLE_STRICT_OBJC_MSGSEND = YES;
				ENABLE_TESTABILITY = YES;
				GCC_C_LANGUAGE_STANDARD = gnu99;
				GCC_DYNAMIC_NO_PIC = NO;
				GCC_NO_COMMON_BLOCKS = YES;
				GCC_OPTIMIZATION_LEVEL = 0;
				GCC_PREPROCESSOR_DEFINITIONS = (
					"DEBUG=1",
					"$(inherited)",
				);
				GCC_SYMBOLS_PRIVATE_EXTERN = NO;
				GCC_WARN_64_TO_32_BIT_CONVERSION = YES;
				GCC_WARN_ABOUT_DEPRECATED_FUNCTIONS = YES;
				GCC_WARN_ABOUT_MISSING_FIELD_INITIALIZERS = YES;
				GCC_WARN_ABOUT_MISSING_NEWLINE = YES;
				GCC_WARN_ABOUT_RETURN_TYPE = YES;
				GCC_WARN_CHECK_SWITCH_STATEMENTS = YES;
				GCC_WARN_INITIALIZER_NOT_FULLY_BRACKETED = YES;
				GCC_WARN_MISSING_PARENTHESES = YES;
				GCC_WARN_SHADOW = YES;
				GCC_WARN_SIGN_COMPARE = YES;
				GCC_WARN_TYPECHECK_CALLS_TO_PRINTF = YES;
				GCC_WARN_UNDECLARED_SELECTOR = YES;
				GCC_WARN_UNINITIALIZED_AUTOS = YES;
				GCC_WARN_UNUSED_FUNCTION = YES;
				GCC_WARN_UNUSED_LABEL = YES;
				GCC_WARN_UNUSED_VALUE = YES;
				GCC_WARN_UNUSED_VARIABLE = YES;
				IPHONEOS_DEPLOYMENT_TARGET = 9.3;
				ONLY_ACTIVE_ARCH = YES;
				RUN_CLANG_STATIC_ANALYZER = YES;
				SDKROOT = iphoneos;
			};
			name = Debug;
		};
		85D76797C1341E44B72D5914 /* Release */ = {
			isa = XCBuildConfiguration;
			baseConfigurationReference = 02CC0CFBE52B6D2B038F9B35 /* Pods-UnitTests.release.xcconfig */;
			buildSettings = {
				ALWAYS_EMBED_SWIFT_STANDARD_LIBRARIES = YES;
				BUNDLE_LOADER = "$(BUILT_PRODUCTS_DIR)/CmsDemo.app/CmsDemo";
				CLANG_ENABLE_MODULES = YES;
				ENABLE_STRICT_OBJC_MSGSEND = YES;
				FRAMEWORK_SEARCH_PATHS = (
					"$(SDKROOT)/Developer/Library/Frameworks",
					"$(inherited)",
					"$(DEVELOPER_FRAMEWORKS_DIR)",
				);
				GCC_NO_COMMON_BLOCKS = YES;
				INFOPLIST_FILE = "UnitTests/Resources/UnitTests-Info.plist";
				LD_RUNPATH_SEARCH_PATHS = "$(inherited) @executable_path/Frameworks @loader_path/Frameworks";
				PRODUCT_BUNDLE_IDENTIFIER = "com.chrisortman.${PRODUCT_NAME:rfc1034identifier}";
				PRODUCT_NAME = "$(TARGET_NAME)";
				SDKROOT = iphoneos;
				SKIP_INSTALL = YES;
				SWIFT_OBJC_BRIDGING_HEADER = "UnitTests/Tests/UnitTests-Bridging-Header.h";
				SWIFT_VERSION = 3.0;
				TEST_HOST = "$(BUNDLE_LOADER)";
				WRAPPER_EXTENSION = xctest;
			};
			name = Release;
		};
		8915252859A6739E8D6A5045 /* Debug */ = {
			isa = XCBuildConfiguration;
			baseConfigurationReference = 8AE9DD89FB52DC23E606F3CF /* Pods-CmsDemo.debug.xcconfig */;
			buildSettings = {
				ALWAYS_EMBED_SWIFT_STANDARD_LIBRARIES = YES;
				ASSETCATALOG_COMPILER_APPICON_NAME = AppIcon;
				CLANG_ENABLE_MODULES = YES;
				"CODE_SIGN_IDENTITY[sdk=iphoneos*]" = "iPhone Developer";
				DEBUG_INFORMATION_FORMAT = dwarf;
				DEVELOPMENT_TEAM = 3P5W46HP4G;
				ENABLE_STRICT_OBJC_MSGSEND = YES;
				GCC_NO_COMMON_BLOCKS = YES;
				INFOPLIST_FILE = "CmsDemo/Resources/Other-Sources/Info.plist";
				IPHONEOS_DEPLOYMENT_TARGET = 9.3;
				LD_RUNPATH_SEARCH_PATHS = "$(inherited) @executable_path/Frameworks";
				MTL_ENABLE_DEBUG_INFO = YES;
				PRODUCT_BUNDLE_IDENTIFIER = "com.chrisortman.${PRODUCT_NAME:rfc1034identifier}";
				PRODUCT_NAME = "$(TARGET_NAME)";
				SDKROOT = iphoneos;
				SWIFT_OBJC_BRIDGING_HEADER = "CmsDemo/CmsDemo-Bridging-Header.h";
				SWIFT_OPTIMIZATION_LEVEL = "-Onone";
				SWIFT_VERSION = 3.0;
				TARGETED_DEVICE_FAMILY = "1,2";
			};
			name = Debug;
		};
		C9F655736956E03779123AFB /* Release */ = {
			isa = XCBuildConfiguration;
			buildSettings = {
				ALWAYS_SEARCH_USER_PATHS = NO;
				ASSETCATALOG_COMPILER_APPICON_NAME = AppIcon;
				CLANG_ANALYZER_NONNULL = YES;
				CLANG_CXX_LANGUAGE_STANDARD = "gnu++0x";
				CLANG_CXX_LIBRARY = "libc++";
				CLANG_ENABLE_MODULES = YES;
				CLANG_ENABLE_OBJC_ARC = YES;
				CLANG_WARN_BOOL_CONVERSION = YES;
				CLANG_WARN_CONSTANT_CONVERSION = YES;
				CLANG_WARN_DEPRECATED_OBJC_IMPLEMENTATIONS = YES;
				CLANG_WARN_DIRECT_OBJC_ISA_USAGE = YES;
				CLANG_WARN_EMPTY_BODY = YES;
				CLANG_WARN_ENUM_CONVERSION = YES;
				CLANG_WARN_IMPLICIT_SIGN_CONVERSION = YES;
				CLANG_WARN_INFINITE_RECURSION = YES;
				CLANG_WARN_INT_CONVERSION = YES;
				CLANG_WARN_OBJC_IMPLICIT_RETAIN_SELF = YES;
				CLANG_WARN_OBJC_ROOT_CLASS = YES;
				CLANG_WARN_SUSPICIOUS_IMPLICIT_CONVERSION = YES;
				CLANG_WARN_SUSPICIOUS_MOVE = YES;
				CLANG_WARN_UNREACHABLE_CODE = YES;
				CLANG_WARN__DUPLICATE_METHOD_MATCH = YES;
				"CODE_SIGN_IDENTITY[sdk=iphoneos*]" = "iPhone Developer";
				COPY_PHASE_STRIP = YES;
				ENABLE_NS_ASSERTIONS = NO;
				ENABLE_STRICT_OBJC_MSGSEND = YES;
				GCC_C_LANGUAGE_STANDARD = gnu99;
				GCC_NO_COMMON_BLOCKS = YES;
				GCC_WARN_64_TO_32_BIT_CONVERSION = YES;
				GCC_WARN_ABOUT_DEPRECATED_FUNCTIONS = YES;
				GCC_WARN_ABOUT_MISSING_FIELD_INITIALIZERS = YES;
				GCC_WARN_ABOUT_MISSING_NEWLINE = YES;
				GCC_WARN_ABOUT_RETURN_TYPE = YES;
				GCC_WARN_CHECK_SWITCH_STATEMENTS = YES;
				GCC_WARN_INITIALIZER_NOT_FULLY_BRACKETED = YES;
				GCC_WARN_MISSING_PARENTHESES = YES;
				GCC_WARN_SHADOW = YES;
				GCC_WARN_SIGN_COMPARE = YES;
				GCC_WARN_TYPECHECK_CALLS_TO_PRINTF = YES;
				GCC_WARN_UNDECLARED_SELECTOR = YES;
				GCC_WARN_UNINITIALIZED_AUTOS = YES;
				GCC_WARN_UNUSED_FUNCTION = YES;
				GCC_WARN_UNUSED_LABEL = YES;
				GCC_WARN_UNUSED_VALUE = YES;
				GCC_WARN_UNUSED_VARIABLE = YES;
				IPHONEOS_DEPLOYMENT_TARGET = 9.3;
				RUN_CLANG_STATIC_ANALYZER = YES;
				SDKROOT = iphoneos;
				SWIFT_OPTIMIZATION_LEVEL = "-Owholemodule";
				VALIDATE_PRODUCT = YES;
			};
			name = Release;
		};
		EEAAC5330371A0AC5209A07F /* Debug */ = {
			isa = XCBuildConfiguration;
			baseConfigurationReference = D957E6A842ADE0F911D7DE08 /* Pods-UnitTests.debug.xcconfig */;
			buildSettings = {
				ALWAYS_EMBED_SWIFT_STANDARD_LIBRARIES = YES;
				BUNDLE_LOADER = "$(BUILT_PRODUCTS_DIR)/CmsDemo.app/CmsDemo";
				CLANG_ENABLE_MODULES = YES;
				ENABLE_STRICT_OBJC_MSGSEND = YES;
				FRAMEWORK_SEARCH_PATHS = (
					"$(SDKROOT)/Developer/Library/Frameworks",
					"$(inherited)",
					"$(DEVELOPER_FRAMEWORKS_DIR)",
				);
				GCC_NO_COMMON_BLOCKS = YES;
				INFOPLIST_FILE = "UnitTests/Resources/UnitTests-Info.plist";
				LD_RUNPATH_SEARCH_PATHS = "$(inherited) @executable_path/Frameworks @loader_path/Frameworks";
				PRODUCT_BUNDLE_IDENTIFIER = "com.chrisortman.${PRODUCT_NAME:rfc1034identifier}";
				PRODUCT_NAME = "$(TARGET_NAME)";
				SDKROOT = iphoneos;
				SKIP_INSTALL = YES;
				SWIFT_OBJC_BRIDGING_HEADER = "UnitTests/Tests/UnitTests-Bridging-Header.h";
				SWIFT_OPTIMIZATION_LEVEL = "-Onone";
				SWIFT_VERSION = 3.0;
				TEST_HOST = "$(BUNDLE_LOADER)";
				WRAPPER_EXTENSION = xctest;
			};
			name = Debug;
		};
/* End XCBuildConfiguration section */

/* Begin XCConfigurationList section */
		A0E87C1001AA5A6E5EF80D83 /* Build configuration list for PBXNativeTarget "CmsDemo" */ = {
			isa = XCConfigurationList;
			buildConfigurations = (
				5D101FF607524F3A9E646D64 /* Release */,
				8915252859A6739E8D6A5045 /* Debug */,
			);
			defaultConfigurationIsVisible = 0;
			defaultConfigurationName = Release;
		};
		BE5C5FA2E715D899EB3B3720 /* Build configuration list for PBXNativeTarget "UnitTests" */ = {
			isa = XCConfigurationList;
			buildConfigurations = (
				85D76797C1341E44B72D5914 /* Release */,
				EEAAC5330371A0AC5209A07F /* Debug */,
			);
			defaultConfigurationIsVisible = 0;
			defaultConfigurationName = Release;
		};
		C0C52F9466F029B90CD2A3EC /* Build configuration list for PBXProject "CmsDemo" */ = {
			isa = XCConfigurationList;
			buildConfigurations = (
				817EAF667CFFCC865B110931 /* Debug */,
				C9F655736956E03779123AFB /* Release */,
			);
			defaultConfigurationIsVisible = 0;
			defaultConfigurationName = Release;
		};
/* End XCConfigurationList section */
	};
	rootObject = 488E6DB92C54051C94B9A46B /* Project object */;
}
